github.com/kezhuw/leveldb v1.0.0 h1:Q2sRNLXK1Z7KfwEfWAaY1Rp3sLBi2JT9hBmI7wGMbA=
github.com/kezhuw/leveldb v1.0.0/go.mod h1:Q2sRNLXK1Z7KfwEfWAaY1Rp3sLBi2JT9hBmI7wGMbA=
github.com/spf13/cobra v1.2.1 h1:ZlrZuHk06wNXFBg7Pk93/jYYAZRzgFG1PGQ1nli8TG=
github.com/spf13/cobra v1.2.1/go.mod h1:1HF46jJq5qQrj0vzBUOvLQmE7xTlVXqJFVgXgJQgQ=
github.com/spf13/pflag v1.0.5 h1:iy3vp0nS4DrCd/AIywyllpYB1yjbEtSfAHbITRhtmg=
github.com/spf13/pflag v1.0.5/go.mod h1:LhTWTgRSZSTKUSwlvkNh35VeaSGzlmYWFnQwqgwWFg=
